{
  "name": "ethcryptostar",
  "version": "1.0.0",
  "lockfileVersion": 1,
  "requires": true,
  "dependencies": {
    "openzeppelin-solidity": {
      "version": "2.5.1",
      "resolved": "https://registry.npmjs.org/openzeppelin-solidity/-/openzeppelin-solidity-2.5.1.tgz",
      "integrity": "sha512-oCGtQPLOou4su76IMr4XXJavy9a8OZmAXeUZ8diOdFznlL/mlkIlYr7wajqCzH4S47nlKPS7m0+a2nilCTpVPQ=="
    },
    "truffle-hdwallet-provider": {
      "version": "1.0.0-web3one.5",
      "resolved": "https://registry.npmjs.org/truffle-hdwallet-provider/-/truffle-hdwallet-provider-1.0.0-web3one.5.tgz",
      "integrity": "sha512-mALnG1ahfqPFufwzNcxW6JxSzgP+FwSyHr8kFtBE/ymMH8N6S2EeUPFds7a2IKyTMZ3npTMHLTR+seTQitn2yQ=="
    }
  }
}
